lockfileVersion: '9.0'

settings:
  autoInstallPeers: true
  excludeLinksFromLockfile: false

importers:
  .:
    devDependencies:
      '@types/node':
        specifier: ^20.14.0
        version: 20.19.43
      husky:
        specifier: ^9.0.0
        version: 9.1.7
      lint-staged:
        specifier: ^15.0.0
        version: 15.0.0
      prettier:
        specifier: ^3.3.0
        version: 3.8.4
      turbo:
        specifier: ^2.3.0
        version: 2.9.18
      typescript:
        specifier: ^5.4.0
        version: 5.4.2

packages:
  '@turbo/darwin-64@2.9.18':
    resolution:
      {
        integrity: sha512-9f27peFu16ur8c0v9nUFUEyBnbKuuFsUTjHFWfmwGfzySBXbHwzU44QhZon6Mznz0cHsIr3984NQj/bVrnGSRw==,
      }
    cpu: [x64]
    os: [darwin]

  '@turbo/darwin-arm64@2.9.18':
    resolution:
      {
        integrity: sha512-9A6TMRq/Ib+QnbhLlgkhOm+624wO4pzSQ/yQviQfWHOlFvaYxdnIAYmu2H6TS6y7kSVL0DvzNe04NbESTOzFVQ==,
      }
    cpu: [arm64]
    os: [darwin]

  '@turbo/linux-64@2.9.18':
    resolution:
      {
        integrity: sha512-zCdIDtz69AnbYh913elJRRoF3QY5aa2HNnf+4rAkc7bQ+tWujiDkCNV7stazOUPggaDvhKIf2Z87qHftTeXSkw==,
      }
    cpu: [x64]
    os: [linux]

  '@turbo/linux-arm64@2.9.18':
    resolution:
      {
        integrity: sha512-Va1kXI04naMgYwqv/5Dfa36dTDx8015U7oaQAjrXa45ua9OoFjSV4OmvkML4EmXvUclQHCiBRbY8bvd0jV7eAg==,
      }
    cpu: [arm64]
    os: [linux]

  '@turbo/windows-64@2.9.18':
    resolution:
      {
        integrity: sha512-m0kDhZANxSNz9ck1ybogFscHabriAsp4eDFNrN/1H5WrgTF7b3VlcPZnhuO3v2+E2KnCbeAc+UUT10BZZHdDKw==,
      }
    cpu: [x64]
    os: [win32]

  '@turbo/windows-arm64@2.9.18':
    resolution:
      {
        integrity: sha512-nUdR8WqoomUys9iIQmG45TMiizJ+5BV8egSeLLZba/AWblyp3fVBcIH1kSE58OtK4g2YzbMJEth6Ttv9w5rqMA==,
      }
    cpu: [arm64]
    os: [win32]

  '@types/node@20.19.43':
    resolution:
      {
        integrity: sha512-6oYBAi5ikg4Pl+kGsoYtawUMBT2zZMCvPNF7pVLnHZfd1zf38DRiWn/gT01RYCdUqkv7Fhr+C9ot4/tb+2sVvA==,
      }

  ansi-escapes@5.0.0:
    resolution:
      {
        integrity: sha512-5GFMVX8HqE/TB+FuBJGuO5XG0WrsA6ptUqoODaT/n9mmUaZFkqnBueB4leqGBCmrUHnCnC4PCZTCd0E7QQ83bA==,
      }
    engines: { node: '>=12' }

  ansi-regex@6.2.2:
    resolution:
      {
        integrity: sha512-Bq3SmSpyFHaWjPk8If9yc6svM8c56dB5BAtW4Qbw5jHTwwXXcTLoRMkpDJp6VL0XzlWaCHTXrkFURMYmD0sLqg==,
      }
    engines: { node: '>=12' }

  ansi-styles@6.2.3:
    resolution:
      {
        integrity: sha512-4Dj6M28JB+oAH8kFkTLUo+a2jwOFkuqb3yucU0CANcRRUbxS0cP0nZYCGjcc3BNXwRIsUVmDGgzawme7zvJHvg==,
      }
    engines: { node: '>=12' }

  braces@3.0.3:
    resolution:
      {
        integrity: sha512-yQbXgO/OSZVD2IsiLlro+7Hf6Q18EJrKSEsdoMzKePKXct3gvD8oLcOQdIzGupr5Fj+EDe8gO/lxc1BzfMpxvA==,
      }
    engines: { node: '>=8' }

  chalk@5.3.0:
    resolution:
      {
        integrity: sha512-dLitG79d+GV1Nb/VYcCDFivJeK1hiukt9QjRNVOsUtTy1rR1YJsmpGGTZ3qJos+uw7WmWF4wUwBd9jxjocFC2w==,
      }
    engines: { node: ^12.17.0 || ^14.13 || >=16.0.0 }

  cli-cursor@4.0.0:
    resolution:
      {
        integrity: sha512-VGtlMu3x/4DOtIUwEkRezxUZ2lBacNJCHash0N0WeZDBS+7Ux1dm3XWAgWYxLJFMMdOeXMHXorshEFhbMSGelg==,
      }
    engines: { node: ^12.20.0 || ^14.13.1 || >=16.0.0 }

  cli-truncate@3.1.0:
    resolution:
      {
        integrity: sha512-wfOBkjXteqSnI59oPcJkcPl/ZmwvMMOj340qUIY1SKZCv0B9Cf4D4fAucRkIKQmsIuYK3x1rrgU7MeGRruiuiA==,
      }
    engines: { node: ^12.20.0 || ^14.13.1 || >=16.0.0 }

  colorette@2.0.20:
    resolution:
      {
        integrity: sha512-IfEDxwoWIjkeXL1eXcDiow4UbKjhLdq6/EuSVR9GMN7KVH3r9gQ83e73hsz1Nd1T3ijd5xv1wcWRYO+D6kCI2w==,
      }

  commander@11.1.0:
    resolution:
      {
        integrity: sha512-yPVavfyCcRhmorC7rWlkHn15b4wDVgVmBA7kV4QVBsF7kv/9TKJAbAXVTxvTnwP8HHKjRCJDClKbciiYS7p0DQ==,
      }
    engines: { node: '>=16' }

  cross-spawn@7.0.6:
    resolution:
      {
        integrity: sha512-uV2QOWP2nWzsy2aMp8aRibhi9dlzF5Hgh5SHaB9OiTGEyDTiJJyx0uy51QXdyWbtAHNua4XJzUKca3OzKUd3vA==,
      }
    engines: { node: '>= 8' }

  debug@4.3.4:
    resolution:
      {
        integrity: sha512-PRWFHuSU3eDtQJPvnNY7Jcket1j0t5OuOsFzPPzsekD52Zl8qUfFIPEiswXqIvHWGVHOgX+7G/vCNNhehwxfkQ==,
      }
    engines: { node: '>=6.0' }
    peerDependencies:
      supports-color: '*'
    peerDependenciesMeta:
      supports-color:
        optional: true

  emoji-regex@9.2.2:
    resolution:
      {
        integrity: sha512-L18DaJsXSUk2+42pv8mLs5jJT2hqFkFE4j21wOmgbUqsZ2hL72NsUU785g9RXgo3s0ZNgVl42TiHp3ZtOv/Vyg==,
      }

  eventemitter3@5.0.4:
    resolution:
      {
        integrity: sha512-mlsTRyGaPBjPedk6Bvw+aqbsXDtoAyAzm5MO7JgU+yVRyMQ5O8bD4Kcci7BS85f93veegeCPkL8R4GLClnjLFw==,
      }

  execa@8.0.1:
    resolution:
      {
        integrity: sha512-VyhnebXciFV2DESc+p6B+y0LjSm0krU4OgJN44qFAhBY0TJ+1V61tYD2+wHusZ6F9n5K+vl8k0sTy7PEfV4qpg==,
      }
    engines: { node: '>=16.17' }

  fill-range@7.1.1:
    resolution:
      {
        integrity: sha512-YsGpe3WHLK8ZYi4tWDg2Jy3ebRz2rXowDxnld4bkQB00cc/1Zw9AWnC0i9ztDJitivtQvaI9KaLyKrc+hBW0yg==,
      }
    engines: { node: '>=8' }

  get-stream@8.0.1:
    resolution:
      {
        integrity: sha512-VaUJspBffn/LMCJVoMvSAdmscJyS1auj5Zulnn5UoYcY531UWmdwhRWkcGKnGU93m5HSXP9LP2usOryrBtQowA==,
      }
    engines: { node: '>=16' }

  human-signals@5.0.0:
    resolution:
      {
        integrity: sha512-AXcZb6vzzrFAUE61HnN4mpLqd/cSIwNQjtNWR0euPm6y0iqx3G4gOXaIDdtdDwZmhwe82LA6+zinmW4UBWVePQ==,
      }
    engines: { node: '>=16.17.0' }

  husky@9.1.7:
    resolution:
      {
        integrity: sha512-5gs5ytaNjBrh5Ow3zrvdUUY+0VxIuWVL4i9irt6friV+BqdCfmV11CQTWMiBYWHbXhco+J1kHfTOUkePhCDvMA==,
      }
    engines: { node: '>=18' }
    hasBin: true

  is-fullwidth-code-point@4.0.0:
    resolution:
      {
        integrity: sha512-O4L094N2/dZ7xqVdrXhh9r1KODPJpFms8B5sGdJLPy664AgvXsreZUyCQQNItZRDlYug4xStLjNp/sz3HvBowQ==,
      }
    engines: { node: '>=12' }

  is-number@7.0.0:
    resolution:
      {
        integrity: sha512-41Cifkg6e8TylSpdtTpeLVMqvSBEVzTttHvERD741+pnZ8ANv0004MRL43QKPDlK9cGvNp6NZWZUBlbGXYxxng==,
      }
    engines: { node: '>=0.12.0' }

  is-stream@3.0.0:
    resolution:
      {
        integrity: sha512-LnQR4bZ9IADDRSkvpqMGvt/tEJWclzklNgSw48V5EAaAeDd6qGvN8ei6k5p0tvxSR171VmGyHuTiAOfxAbr8kA==,
      }
    engines: { node: ^12.20.0 || ^14.13.1 || >=16.0.0 }

  isexe@2.0.0:
    resolution:
      {
        integrity: sha512-RHxMLp9lnKHGHRng9QFhRCMbYAcVpn69smSGcq3f36xjgVVWThj4qqLbTLlq7Ssj8B+fIQ1EuCEGI2lKsyQeIw==,
      }

  lilconfig@2.1.0:
    resolution:
      {
        integrity: sha512-utWOt/GHzuUxnLKxB6dk81RoOeoNeHgbrXiuGk4yyF5qlRz+iIVWu56E2fqGHFrXz0QNUhLB/8nKqvRH66JKGQ==,
      }
    engines: { node: '>=10' }

  lint-staged@15.0.0:
    resolution:
      {
        integrity: sha512-OdrAd/qZhO4MnPyNRehI1Fh6j8kcfQoGpjQ1Vw8dSkDkNONdqe/HpKXqtKpFIPCAYeF4/tfnE11MnjLYuLKjqA==,
      }
    engines: { node: '>=18.12.0' }
    hasBin: true

  listr2@7.0.1:
    resolution:
      {
        integrity: sha512-nz+7hwgbDp8eWNoDgzdl4hA/xDSLrNRzPu1TLgOYs6l5Y+Ma6zVWWy9Oyt9TQFONwKoSPoka3H50D3vD5EuNwg==,
      }
    engines: { node: '>=16.0.0' }

  log-update@5.0.1:
    resolution:
      {
        integrity: sha512-5UtUDQ/6edw4ofyljDNcOVJQ4c7OjDro4h3y8e1GQL5iYElYclVHJ3zeWchylvMaKnDbDilC8irOVyexnA/Slw==,
      }
    engines: { node: ^12.20.0 || ^14.13.1 || >=16.0.0 }

  merge-stream@2.0.0:
    resolution:
      {
        integrity: sha512-abv/qOcuPfk3URPfDzmZU1LKmuw8kT+0nIHvKrKgFrwifol/doWcdA4ZqsWQ8ENrFKkd67Mfpo/LovbIUsbt3w==,
      }

  micromatch@4.0.5:
    resolution:
      {
        integrity: sha512-DMy+ERcEW2q8Z2Po+WNXuw3c5YaUSFjAO5GsJqfEl7UjvtIuFKO6ZrKvcItdy98dwFI2N1tg3zNIdKaQT+aNdA==,
      }
    engines: { node: '>=8.6' }

  mimic-fn@2.1.0:
    resolution:
      {
        integrity: sha512-OqbOk5oEQeAZ8WXWydlu9HJjz9WVdEIvamMCcXmuqUYjTknH/sqsWvhQ3vgwKFRR1HpjvNBKQ37nbJgYzGqGcg==,
      }
    engines: { node: '>=6' }

  mimic-fn@4.0.0:
    resolution:
      {
        integrity: sha512-vqiC06CuhBTUdZH+RYl8sFrL096vA45Ok5ISO6sE/Mr1jRbGH4Csnhi8f3wKVl7x8mO4Au7Ir9D3Oyv1VYMFJw==,
      }
    engines: { node: '>=12' }

  ms@2.1.2:
    resolution:
      {
        integrity: sha512-sGkPx+VjMtmA6MX27oA4FBFELFCZZ4S4XqeGOXCv68tT+jb3vk/RyaKWP0PTKyWtmLSM0b+adUTEvbs1PEaH2w==,
      }

  npm-run-path@5.3.0:
    resolution:
      {
        integrity: sha512-ppwTtiJZq0O/ai0z7yfudtBpWIoxM8yE6nHi1X47eFR2EWORqfbu6CnPlNsjeN683eT0qG6H/Pyf9fCcvjnnnQ==,
      }
    engines: { node: ^12.20.0 || ^14.13.1 || >=16.0.0 }

  onetime@5.1.0:
    resolution:
      {
        integrity: sha512-5NcSkPHhwTVFIQN+TUqXoS5+dlElHXdpAWu9I0HP20YOtIi+aZ0Ct82jdlILDxjLEAWwvm+qj1m6aEtsDVmm6Q==,
      }
    engines: { node: '>=6' }

  onetime@6.0.0:
    resolution:
      {
        integrity: sha512-1FlR+gjXK7X+AsAHso35MnyN5KqGwJRi/31ft6x0M194ht7S+rWAvd7PHss9xSKMzE0asv1pyIHaJYq+BbacAQ==,
      }
    engines: { node: '>=12' }

  path-key@3.1.1:
    resolution:
      {
        integrity: sha512-ojmeN0qd+y0jszEtoY48r0Peq5dwMEkIlCOu6Q5f41lfkswXuKtYrhgoTpLnyIcHm24Uhqx+5Tqm2InSwLhE6Q==,
      }
    engines: { node: '>=8' }

  path-key@4.0.0:
    resolution:
      {
        integrity: sha512-haREypq7xkM7ErfgIyA0z+Bj4AGKlMSdlQE2jvJo6huWD1EdkKYV+G/T4nq0YEF2vgTT8kqMFKo1uHn950r4SQ==,
      }
    engines: { node: '>=12' }

  picomatch@2.3.2:
    resolution:
      {
        integrity: sha512-V7+vQEJ06Z+c5tSye8S+nHUfI51xoXIXjHQ99cQtKUkQqqO1kO/KCJUfZXuB47h/YBlDhah2H3hdUGXn8ie0oA==,
      }
    engines: { node: '>=8.6' }

  pidtree@0.6.0:
    resolution:
      {
        integrity: sha512-eG2dWTVw5bzqGRztnHExczNxt5VGsE6OwTeCG3fdUf9KBsZzO3R5OIIIzWR+iZA0NtZ+RDVdaoE2dK1cn6jH4g==,
      }
    engines: { node: '>=0.10' }
    hasBin: true

  prettier@3.8.4:
    resolution:
      {
        integrity: sha512-N2MylSdi48+5N/6S5j+maeHbUSIzzZ5uOcX5Hm4QpV8Dkb1HFjfAKTKX6yNPJQD9AhcT3ifHNB66tWTTJDi11Q==,
      }
    engines: { node: '>=14' }
    hasBin: true

  restore-cursor@4.0.0:
    resolution:
      {
        integrity: sha512-I9fPXU9geO9bHOt9pHHOhOkYerIMsmVaWB0rA2AI9ERh/+x/i7MV5HKBNrg+ljO5eoPVgCcnFuRjJ9uH6I/3eg==,
      }
    engines: { node: ^12.20.0 || ^14.13.1 || >=16.0.0 }

  rfdc@1.4.1:
    resolution:
      {
        integrity: sha512-q1b3N5QkRUWUl7iyylaaj3kOpIT0N2i9MqIEQXP73GVsN9cw3fdx8X63cEmWhJGi2PPCF23Ijp7ktmd39rawIA==,
      }

  shebang-command@2.0.0:
    resolution:
      {
        integrity: sha512-kHxr2zZpYtdmrN1qDjrrX/Z1rR1kG8Dx+gkpK1G4eXmvXswmcE1hTWBWYUzlraYw1/yZp6YuDY77YtvbN0dmDA==,
      }
    engines: { node: '>=8' }

  shebang-regex@3.0.0:
    resolution:
      {
        integrity: sha512-7++dFhtcx3353uBaq8DDR4NuxBetBzC7ZQOhmTQInHEd6bSrXdiEyzCvG07Z44UYdLShWUyXt5M/yhz8ekcb1A==,
      }
    engines: { node: '>=8' }

  signal-exit@3.0.7:
    resolution:
      {
        integrity: sha512-wnD2ZE+l+SPC/uoS0vXeE9L1+0wuaMqKlfz9AMUo38JsyLSBWSFcHR1Rri62LZc12vLr1gb3jl7iwQhgwpAbGQ==,
      }

  signal-exit@4.1.0:
    resolution:
      {
        integrity: sha512-bzyZ1e88w9O1iNJbKnOlvYTrWPDl46O1bG0D3XInv+9tkPrxrN8jUUTiFlDkkmKWgn1M6CfIA13SuGqOa9Korw==,
      }
    engines: { node: '>=14' }

  slice-ansi@5.0.0:
    resolution:
      {
        integrity: sha512-FC+lgizVPfie0kkhqUScwRu1O/lF6NOgJmlCgK+/LYxDCTk8sGelYaHDhFcDN+Sn3Cv+3VSa4Byeo+IMCzpMgQ==,
      }
    engines: { node: '>=12' }

  string-argv@0.3.2:
    resolution:
      {
        integrity: sha512-aqD2Q0144Z+/RqG52NeHEkZauTAUWJO8c6yTftGJKO3Tja5tUgIfmIl6kExvhtxSDP7fXB6DvzkfMpCd/F3G+Q==,
      }
    engines: { node: '>=0.6.19' }

  string-width@5.0.0:
    resolution:
      {
        integrity: sha512-zwXcRmLUdiWhMPrHz6EXITuyTgcEnUqDzspTkCLhQovxywWz6NP9VHgqfVg20V/1mUg0B95AKbXxNT+ALRmqCw==,
      }
    engines: { node: '>=12' }

  string-width@5.0.1:
    resolution:
      {
        integrity: sha512-5ohWO/M4//8lErlUUtrFy3b11GtNOuMOU0ysKCDXFcfXuuvUXu95akgj/i8ofmaGdN0hCqyl6uu9i8dS/mQp5g==,
      }
    engines: { node: '>=12' }

  strip-ansi@7.2.0:
    resolution:
      {
        integrity: sha512-yDPMNjp4WyfYBkHnjIRLfca1i6KMyGCtsVgoKe/z1+6vukgaENdgGBZt+ZmKPc4gavvEZ5OgHfHdrazhgNyG7w==,
      }
    engines: { node: '>=12' }

  strip-final-newline@3.0.0:
    resolution:
      {
        integrity: sha512-dOESqjYr96iWYylGObzd39EuNTa5VJxyvVAEm5Jnh7KGo75V43Hk1odPQkNDyXNmUR6k+gEiDVXnjB8HJ3crXw==,
      }
    engines: { node: '>=12' }

  to-regex-range@5.0.1:
    resolution:
      {
        integrity: sha512-65P7iz6X5yEr1cwcgvQxbbIw7Uk3gOy5dIdtZ4rDveLqhrdJP+Li/Hx6tyK0NEb+2GCyneCMJiGqrADCSNk8sQ==,
      }
    engines: { node: '>=8.0' }

  turbo@2.9.18:
    resolution:
      {
        integrity: sha512-bwabv6PupzeavybzEoArBAkwq5fnzwf8OFnRtpHwnviFWuwJPFxtyH+aVp36TmIqK3aYYgtTJ3J0m2ysxxSzQg==,
      }
    hasBin: true

  type-fest@1.0.2:
    resolution:
      {
        integrity: sha512-a720oz3Kjbp3ll0zkeN9qjRhO7I34MKMhPGQiQJAmaZQZQ1lo+NWThK322f7sXV+kTg9B1Ybt16KgBXWgteT8w==,
      }
    engines: { node: '>=10' }

  typescript@5.4.2:
    resolution:
      {
        integrity: sha512-+2/g0Fds1ERlP6JsakQQDXjZdZMM+rqpamFZJEKh4kwTIn3iDkgKtby0CeNd5ATNZ4Ry1ax15TMx0W2V+miizQ==,
      }
    engines: { node: '>=14.17' }
    hasBin: true

  undici-types@6.21.0:
    resolution:
      {
        integrity: sha512-iwDZqg0QAGrg9Rav5H4n0M64c3mkR59cJ6wQp+7C4nI0gsmExaedaYLNO44eT4AtBBwjbTiGPMlt2Md0T9H9JQ==,
      }

  which@2.0.1:
    resolution:
      {
        integrity: sha512-N7GBZOTswtB9lkQBZA4+zAXrjEIWAUOB93AvzUiudRzRxhUdLURQ7D/gAIMY1gatT/LTbmbcv8SiYazy3eYB7w==,
      }
    engines: { node: '>= 8' }
    hasBin: true

  wrap-ansi@8.1.0:
    resolution:
      {
        integrity: sha512-si7QWI6zUMq56bESFvagtmzMdGOtoxfR+Sez11Mobfc7tm+VkUckk9bW2UeffTGVUbOksxmSw0AA2gs8g71NCQ==,
      }
    engines: { node: '>=12' }

  yaml@2.3.2:
    resolution:
      {
        integrity: sha512-N/lyzTPaJasoDmfV7YTrYCI0G/3ivm/9wdG0aHuheKowWQwGTsK0Eoiw6utmzAnI6pkJa0DUVygvp3spqqEKXg==,
      }
    engines: { node: '>= 14' }

snapshots:
  '@turbo/darwin-64@2.9.18':
    optional: true

  '@turbo/darwin-arm64@2.9.18':
    optional: true

  '@turbo/linux-64@2.9.18':
    optional: true

  '@turbo/linux-arm64@2.9.18':
    optional: true

  '@turbo/windows-64@2.9.18':
    optional: true

  '@turbo/windows-arm64@2.9.18':
    optional: true

  '@types/node@20.19.43':
    dependencies:
      undici-types: 6.21.0

  ansi-escapes@5.0.0:
    dependencies:
      type-fest: 1.0.2

  ansi-regex@6.2.2: {}

  ansi-styles@6.2.3: {}

  braces@3.0.3:
    dependencies:
      fill-range: 7.1.1

  chalk@5.3.0: {}

  cli-cursor@4.0.0:
    dependencies:
      restore-cursor: 4.0.0

  cli-truncate@3.1.0:
    dependencies:
      slice-ansi: 5.0.0
      string-width: 5.0.0

  colorette@2.0.20: {}

  commander@11.1.0: {}

  cross-spawn@7.0.6:
    dependencies:
      path-key: 3.1.1
      shebang-command: 2.0.0
      which: 2.0.1

  debug@4.3.4:
    dependencies:
      ms: 2.1.2

  emoji-regex@9.2.2: {}

  eventemitter3@5.0.4: {}

  execa@8.0.1:
    dependencies:
      cross-spawn: 7.0.6
      get-stream: 8.0.1
      human-signals: 5.0.0
      is-stream: 3.0.0
      merge-stream: 2.0.0
      npm-run-path: 5.3.0
      onetime: 6.0.0
      signal-exit: 4.1.0
      strip-final-newline: 3.0.0

  fill-range@7.1.1:
    dependencies:
      to-regex-range: 5.0.1

  get-stream@8.0.1: {}

  human-signals@5.0.0: {}

  husky@9.1.7: {}

  is-fullwidth-code-point@4.0.0: {}

  is-number@7.0.0: {}

  is-stream@3.0.0: {}

  isexe@2.0.0: {}

  lilconfig@2.1.0: {}

  lint-staged@15.0.0:
    dependencies:
      chalk: 5.3.0
      commander: 11.1.0
      debug: 4.3.4
      execa: 8.0.1
      lilconfig: 2.1.0
      listr2: 7.0.1
      micromatch: 4.0.5
      pidtree: 0.6.0
      string-argv: 0.3.2
      yaml: 2.3.2
    transitivePeerDependencies:
      - supports-color

  listr2@7.0.1:
    dependencies:
      cli-truncate: 3.1.0
      colorette: 2.0.20
      eventemitter3: 5.0.4
      log-update: 5.0.1
      rfdc: 1.4.1
      wrap-ansi: 8.1.0

  log-update@5.0.1:
    dependencies:
      ansi-escapes: 5.0.0
      cli-cursor: 4.0.0
      slice-ansi: 5.0.0
      strip-ansi: 7.2.0
      wrap-ansi: 8.1.0

  merge-stream@2.0.0: {}

  micromatch@4.0.5:
    dependencies:
      braces: 3.0.3
      picomatch: 2.3.2

  mimic-fn@2.1.0: {}

  mimic-fn@4.0.0: {}

  ms@2.1.2: {}

  npm-run-path@5.3.0:
    dependencies:
      path-key: 4.0.0

  onetime@5.1.0:
    dependencies:
      mimic-fn: 2.1.0

  onetime@6.0.0:
    dependencies:
      mimic-fn: 4.0.0

  path-key@3.1.1: {}

  path-key@4.0.0: {}

  picomatch@2.3.2: {}

  pidtree@0.6.0: {}

  prettier@3.8.4: {}

  restore-cursor@4.0.0:
    dependencies:
      onetime: 5.1.0
      signal-exit: 3.0.7

  rfdc@1.4.1: {}

  shebang-command@2.0.0:
    dependencies:
      shebang-regex: 3.0.0

  shebang-regex@3.0.0: {}

  signal-exit@3.0.7: {}

  signal-exit@4.1.0: {}

  slice-ansi@5.0.0:
    dependencies:
      ansi-styles: 6.2.3
      is-fullwidth-code-point: 4.0.0

  string-argv@0.3.2: {}

  string-width@5.0.0:
    dependencies:
      emoji-regex: 9.2.2
      is-fullwidth-code-point: 4.0.0
      strip-ansi: 7.2.0

  string-width@5.0.1:
    dependencies:
      emoji-regex: 9.2.2
      is-fullwidth-code-point: 4.0.0
      strip-ansi: 7.2.0

  strip-ansi@7.2.0:
    dependencies:
      ansi-regex: 6.2.2

  strip-final-newline@3.0.0: {}

  to-regex-range@5.0.1:
    dependencies:
      is-number: 7.0.0

  turbo@2.9.18:
    optionalDependencies:
      '@turbo/darwin-64': 2.9.18
      '@turbo/darwin-arm64': 2.9.18
      '@turbo/linux-64': 2.9.18
      '@turbo/linux-arm64': 2.9.18
      '@turbo/windows-64': 2.9.18
      '@turbo/windows-arm64': 2.9.18

  type-fest@1.0.2: {}

  typescript@5.4.2: {}

  undici-types@6.21.0: {}

  which@2.0.1:
    dependencies:
      isexe: 2.0.0

  wrap-ansi@8.1.0:
    dependencies:
      ansi-styles: 6.2.3
      string-width: 5.0.1
      strip-ansi: 7.2.0

  yaml@2.3.2: {}
